
Microsoft Visual Studio Solution File, Format Version 12.00
# Visual Studio 15
VisualStudioVersion = 15.0.28307.757
MinimumVisualStudioVersion = 10.0.40219.1
Project("{FAE04EC0-301F-11D3-BF4B-00C04F79EFBC}") = "MvcMovie", "MvcMovie\MvcMovie.csproj", "{B013ED4E-C7A8-4106-A66D-55D9EFE016DC}"
EndProject
Global
	GlobalSection(SolutionConfigurationPlatforms) = preSolution
		Debug|Any CPU = Debug|Any CPU
		Release|Any CPU = Release|Any CPU
	EndGlobalSection
	GlobalSection(ProjectConfigurationPlatforms) = postSolution
		{B013ED4E-C7A8-4106-A66D-55D9EFE016DC}.Debug|Any CPU.ActiveCfg = Debug|Any CPU
		{B013ED4E-C7A8-4106-A66D-55D9EFE016DC}.Debug|Any CPU.Build.0 = Debug|Any CPU
		{B013ED4E-C7A8-4106-A66D-55D9EFE016DC}.Release|Any CPU.ActiveCfg = Release|Any CPU
		{B013ED4E-C7A8-4106-A66D-55D9EFE016DC}.Release|Any CPU.Build.0 = Release|Any CPU
	EndGlobalSection
	GlobalSection(SolutionProperties) = preSolution
		HideSolutionNode = FALSE
	EndGlobalSection
	GlobalSection(ExtensibilityGlobals) = postSolution
		SolutionGuid = {2DF861FB-17A6-48B1-B164-E03D5A5CBA55}
	EndGlobalSection
EndGlobal
