
Microsoft Visual Studio Solution File, Format Version 12.00
# Visual Studio 15
VisualStudioVersion = 15.0.28307.757
MinimumVisualStudioVersion = 10.0.40219.1
Project("{FAE04EC0-301F-11D3-BF4B-00C04F79EFBC}") = "theatreMovie", "theatreMovie\theatreMovie.csproj", "{A2BD754D-DA58-4E35-895C-82751FAEDE7E}"
EndProject
Global
	GlobalSection(SolutionConfigurationPlatforms) = preSolution
		Debug|Any CPU = Debug|Any CPU
		Release|Any CPU = Release|Any CPU
	EndGlobalSection
	GlobalSection(ProjectConfigurationPlatforms) = postSolution
		{A2BD754D-DA58-4E35-895C-82751FAEDE7E}.Debug|Any CPU.ActiveCfg = Debug|Any CPU
		{A2BD754D-DA58-4E35-895C-82751FAEDE7E}.Debug|Any CPU.Build.0 = Debug|Any CPU
		{A2BD754D-DA58-4E35-895C-82751FAEDE7E}.Release|Any CPU.ActiveCfg = Release|Any CPU
		{A2BD754D-DA58-4E35-895C-82751FAEDE7E}.Release|Any CPU.Build.0 = Release|Any CPU
	EndGlobalSection
	GlobalSection(SolutionProperties) = preSolution
		HideSolutionNode = FALSE
	EndGlobalSection
	GlobalSection(ExtensibilityGlobals) = postSolution
		SolutionGuid = {D28AF1A7-9983-4F1B-8537-A4B38D9CA5FB}
	EndGlobalSection
EndGlobal
